
Microsoft Visual Studio Solution File, Format Version 12.00
# Visual Studio Version 16
VisualStudioVersion = 16.0.29728.190
MinimumVisualStudioVersion = 10.0.40219.1
Project("{FAE04EC0-301F-11D3-BF4B-00C04F79EFBC}") = "SampleWebApp", "SampleWebApp\SampleWebApp.csproj", "{9795C1F7-6EAA-42AA-BA66-46EAE2175601}"
EndProject
Global
	GlobalSection(SolutionConfigurationPlatforms) = preSolution
		Debug|Any CPU = Debug|Any CPU
		Release|Any CPU = Release|Any CPU
	EndGlobalSection
	GlobalSection(ProjectConfigurationPlatforms) = postSolution
		{9795C1F7-6EAA-42AA-BA66-46EAE2175601}.Debug|Any CPU.ActiveCfg = Debug|Any CPU
		{9795C1F7-6EAA-42AA-BA66-46EAE2175601}.Debug|Any CPU.Build.0 = Debug|Any CPU
		{9795C1F7-6EAA-42AA-BA66-46EAE2175601}.Release|Any CPU.ActiveCfg = Release|Any CPU
		{9795C1F7-6EAA-42AA-BA66-46EAE2175601}.Release|Any CPU.Build.0 = Release|Any CPU
	EndGlobalSection
	GlobalSection(SolutionProperties) = preSolution
		HideSolutionNode = FALSE
	EndGlobalSection
	GlobalSection(ExtensibilityGlobals) = postSolution
		SolutionGuid = {AADF70B9-CC07-4077-8023-2B8B3540CBEE}
	EndGlobalSection
EndGlobal
